# This file is automatically @generated by Cargo.
# It is not intended for manual editing.
version = 4

[[package]]
name = "buf-min"
version = "0.6.1"
source = "registry+https://github.com/rust-lang/crates.io-index"
checksum = "f4531c8a9fe2fb94e0d2afdf6bb4effd4797baf98dd26b6e20be71a92ac78e8d"

[[package]]
name = "proc-macro2"
version = "1.0.92"
source = "registry+https://github.com/rust-lang/crates.io-index"
checksum = "37d3544b3f2748c54e147655edb5025752e2303145b5aefb3c3ea2c78b973bb0"
dependencies = [
 "unicode-ident",
]

[[package]]
name = "quote"
version = "1.0.38"
source = "registry+https://github.com/rust-lang/crates.io-index"
checksum = "0e4dccaaaf89514f546c693ddc140f729f958c247918a13380cccc6078391acc"
dependencies = [
 "proc-macro2",
]

[[package]]
name = "syn"
version = "1.0.109"
source = "registry+https://github.com/rust-lang/crates.io-index"
checksum = "72b64191b275b66ffe2469e8af2c1cfe3bafa67b529ead792a6d0160888b4237"
dependencies = [
 "proc-macro2",
 "quote",
 "unicode-ident",
]

[[package]]
name = "unicode-ident"
version = "1.0.14"
source = "registry+https://github.com/rust-lang/crates.io-index"
checksum = "adb9e6ca4f869e1180728b7950e35922a7fc6397f7b641499e8f3ef06e50dc83"

[[package]]
name = "v_escape"
version = "0.18.0"
source = "registry+https://github.com/rust-lang/crates.io-index"
checksum = "79d297315e8ca0b98255614f409699ea189e5929e820f07f69afcebf96c41f9b"
dependencies = [
 "buf-min",
 "v_escape_derive",
]

[[package]]
name = "v_escape_bug"
version = "0.1.0"
dependencies = [
 "v_escape",
]

[[package]]
name = "v_escape_derive"
version = "0.9.1"
source = "registry+https://github.com/rust-lang/crates.io-index"
checksum = "8fe81cf194472e6ddd6545f8e91ee9780de636194c2e896b8ac201ac78389809"
dependencies = [
 "syn",
]
